
Microsoft Visual Studio Solution File, Format Version 12.00
# Visual Studio Version 17
VisualStudioVersion = 17.10.34928.147
MinimumVisualStudioVersion = 10.0.40219.1
Project("{FAE04EC0-301F-11D3-BF4B-00C04F79EFBC}") = "calculatorapp", "calculatorapp\calculatorapp.csproj", "{61DE2834-B81A-4044-83D3-FD45E291F9C3}"
EndProject
Global
	GlobalSection(SolutionConfigurationPlatforms) = preSolution
		Debug|Any CPU = Debug|Any CPU
		Release|Any CPU = Release|Any CPU
	EndGlobalSection
	GlobalSection(ProjectConfigurationPlatforms) = postSolution
		{61DE2834-B81A-4044-83D3-FD45E291F9C3}.Debug|Any CPU.ActiveCfg = Debug|Any CPU
		{61DE2834-B81A-4044-83D3-FD45E291F9C3}.Debug|Any CPU.Build.0 = Debug|Any CPU
		{61DE2834-B81A-4044-83D3-FD45E291F9C3}.Release|Any CPU.ActiveCfg = Release|Any CPU
		{61DE2834-B81A-4044-83D3-FD45E291F9C3}.Release|Any CPU.Build.0 = Release|Any CPU
	EndGlobalSection
	GlobalSection(SolutionProperties) = preSolution
		HideSolutionNode = FALSE
	EndGlobalSection
	GlobalSection(ExtensibilityGlobals) = postSolution
		SolutionGuid = {1FEFB8A9-38E4-452F-947A-CB217052BFA9}
	EndGlobalSection
EndGlobal
